
Microsoft Visual Studio Solution File, Format Version 12.00
# Visual Studio 2013
VisualStudioVersion = 12.0.31101.0
MinimumVisualStudioVersion = 10.0.40219.1
Project("{2150E333-8FDC-42A3-9474-1A3956D46DE8}") = "Engine", "Engine", "{052132E9-C2A0-4C68-BAEF-EC19899923D4}"
EndProject
Project("{2150E333-8FDC-42A3-9474-1A3956D46DE8}") = "Tests", "Tests", "{03A2F936-73D4-4B5C-8FA2-1301B8BB576A}"
EndProject
Project("{2150E333-8FDC-42A3-9474-1A3956D46DE8}") = "Projects", "Projects", "{311F9280-DF8A-4CDE-AA8D-69335CC6E4CA}"
EndProject
Project("{8BC9CEB8-8B4A-11D0-8D11-00A0C91BC942}") = "third party tests", "tests\third party tests\third party tests.vcxproj", "{1A5FDB54-B7DE-4C48-BBE0-E91B14011280}"
EndProject
Project("{8BC9CEB8-8B4A-11D0-8D11-00A0C91BC942}") = "Project1", "tests\renderer-test\Project1.vcxproj", "{0DB0851C-34EB-41BA-A3FE-C2F6DE33E031}"
EndProject
Project("{8BC9CEB8-8B4A-11D0-8D11-00A0C91BC942}") = "gec-core", "engine\Core\core.vcxproj", "{DEC3D83E-8C30-454D-ADE5-C7F57F58E0CC}"
EndProject
Project("{8BC9CEB8-8B4A-11D0-8D11-00A0C91BC942}") = "core tests", "tests\core tests\core tests.vcxproj", "{4AA93330-4C1A-4E17-8AA2-AF2F28C06AC1}"
EndProject
Global
	GlobalSection(SolutionConfigurationPlatforms) = preSolution
		Debug|Win32 = Debug|Win32
		Release|Win32 = Release|Win32
	EndGlobalSection
	GlobalSection(ProjectConfigurationPlatforms) = postSolution
		{1A5FDB54-B7DE-4C48-BBE0-E91B14011280}.Debug|Win32.ActiveCfg = Debug|Win32
		{1A5FDB54-B7DE-4C48-BBE0-E91B14011280}.Debug|Win32.Build.0 = Debug|Win32
		{1A5FDB54-B7DE-4C48-BBE0-E91B14011280}.Release|Win32.ActiveCfg = Release|Win32
		{1A5FDB54-B7DE-4C48-BBE0-E91B14011280}.Release|Win32.Build.0 = Release|Win32
		{0DB0851C-34EB-41BA-A3FE-C2F6DE33E031}.Debug|Win32.ActiveCfg = Debug|Win32
		{0DB0851C-34EB-41BA-A3FE-C2F6DE33E031}.Debug|Win32.Build.0 = Debug|Win32
		{0DB0851C-34EB-41BA-A3FE-C2F6DE33E031}.Release|Win32.ActiveCfg = Release|Win32
		{0DB0851C-34EB-41BA-A3FE-C2F6DE33E031}.Release|Win32.Build.0 = Release|Win32
		{DEC3D83E-8C30-454D-ADE5-C7F57F58E0CC}.Debug|Win32.ActiveCfg = Debug|Win32
		{DEC3D83E-8C30-454D-ADE5-C7F57F58E0CC}.Debug|Win32.Build.0 = Debug|Win32
		{DEC3D83E-8C30-454D-ADE5-C7F57F58E0CC}.Release|Win32.ActiveCfg = Release|Win32
		{DEC3D83E-8C30-454D-ADE5-C7F57F58E0CC}.Release|Win32.Build.0 = Release|Win32
		{4AA93330-4C1A-4E17-8AA2-AF2F28C06AC1}.Debug|Win32.ActiveCfg = Debug|Win32
		{4AA93330-4C1A-4E17-8AA2-AF2F28C06AC1}.Debug|Win32.Build.0 = Debug|Win32
		{4AA93330-4C1A-4E17-8AA2-AF2F28C06AC1}.Release|Win32.ActiveCfg = Release|Win32
		{4AA93330-4C1A-4E17-8AA2-AF2F28C06AC1}.Release|Win32.Build.0 = Release|Win32
	EndGlobalSection
	GlobalSection(SolutionProperties) = preSolution
		HideSolutionNode = FALSE
	EndGlobalSection
	GlobalSection(NestedProjects) = preSolution
		{1A5FDB54-B7DE-4C48-BBE0-E91B14011280} = {03A2F936-73D4-4B5C-8FA2-1301B8BB576A}
		{0DB0851C-34EB-41BA-A3FE-C2F6DE33E031} = {03A2F936-73D4-4B5C-8FA2-1301B8BB576A}
		{DEC3D83E-8C30-454D-ADE5-C7F57F58E0CC} = {052132E9-C2A0-4C68-BAEF-EC19899923D4}
		{4AA93330-4C1A-4E17-8AA2-AF2F28C06AC1} = {03A2F936-73D4-4B5C-8FA2-1301B8BB576A}
	EndGlobalSection
EndGlobal
